
Microsoft Visual Studio Solution File, Format Version 12.00
# Visual Studio Version 17
VisualStudioVersion = 17.0.31903.59
MinimumVisualStudioVersion = 10.0.40219.1
Project("{2150E333-8FDC-42A3-9474-1A3956D46DE8}") = "src", "src", "{D947488B-1717-43EB-AB3D-98678FA7ED6A}"
EndProject
Project("{FAE04EC0-301F-11D3-BF4B-00C04F79EFBC}") = "Wiki", "src\Wiki\Wiki.csproj", "{72DAB94B-7B08-4791-9D0D-D02AB0E09224}"
EndProject
Project("{2150E333-8FDC-42A3-9474-1A3956D46DE8}") = "tests", "tests", "{FE0C9D19-38C4-4DB7-B09B-8E5A8C7A3DE6}"
EndProject
Project("{FAE04EC0-301F-11D3-BF4B-00C04F79EFBC}") = "Wiki.Tests", "tests\Wiki.Tests\Wiki.Tests.csproj", "{84998847-E222-45E0-95E7-EEFBBD088D14}"
EndProject
Global
	GlobalSection(SolutionConfigurationPlatforms) = preSolution
		Debug|Any CPU = Debug|Any CPU
		Release|Any CPU = Release|Any CPU
	EndGlobalSection
	GlobalSection(SolutionProperties) = preSolution
		HideSolutionNode = FALSE
	EndGlobalSection
	GlobalSection(ProjectConfigurationPlatforms) = postSolution
		{72DAB94B-7B08-4791-9D0D-D02AB0E09224}.Debug|Any CPU.ActiveCfg = Debug|Any CPU
		{72DAB94B-7B08-4791-9D0D-D02AB0E09224}.Debug|Any CPU.Build.0 = Debug|Any CPU
		{72DAB94B-7B08-4791-9D0D-D02AB0E09224}.Release|Any CPU.ActiveCfg = Release|Any CPU
		{72DAB94B-7B08-4791-9D0D-D02AB0E09224}.Release|Any CPU.Build.0 = Release|Any CPU
		{84998847-E222-45E0-95E7-EEFBBD088D14}.Debug|Any CPU.ActiveCfg = Debug|Any CPU
		{84998847-E222-45E0-95E7-EEFBBD088D14}.Debug|Any CPU.Build.0 = Debug|Any CPU
		{84998847-E222-45E0-95E7-EEFBBD088D14}.Release|Any CPU.ActiveCfg = Release|Any CPU
		{84998847-E222-45E0-95E7-EEFBBD088D14}.Release|Any CPU.Build.0 = Release|Any CPU
	EndGlobalSection
	GlobalSection(NestedProjects) = preSolution
		{72DAB94B-7B08-4791-9D0D-D02AB0E09224} = {D947488B-1717-43EB-AB3D-98678FA7ED6A}
		{84998847-E222-45E0-95E7-EEFBBD088D14} = {FE0C9D19-38C4-4DB7-B09B-8E5A8C7A3DE6}
	EndGlobalSection
EndGlobal
